
Microsoft Visual Studio Solution File, Format Version 12.00
# Visual Studio Version 17
VisualStudioVersion = 17.4.33213.308
MinimumVisualStudioVersion = 10.0.40219.1
Project("{8BC9CEB8-8B4A-11D0-8D11-00A0C91BC942}") = "Functions", "Functions\Functions.vcxproj", "{4AFA4736-FFBA-414D-8D6E-CDCC36D0D3B9}"
EndProject
Project("{8BC9CEB8-8B4A-11D0-8D11-00A0C91BC942}") = "Arrays", "Arrays\Arrays.vcxproj", "{15D28A78-26C8-4CDE-8D14-C51DFB96C35B}"
EndProject
Project("{8BC9CEB8-8B4A-11D0-8D11-00A0C91BC942}") = "Recursion", "Recursion\Recursion.vcxproj", "{90879D17-8220-4EA9-9739-6C839335C738}"
EndProject
Project("{8BC9CEB8-8B4A-11D0-8D11-00A0C91BC942}") = "TicTacToe", "TicTacToe\TicTacToe.vcxproj", "{BFA734F9-DEEC-4514-A9CB-E1ED14CAA75D}"
EndProject
Project("{8BC9CEB8-8B4A-11D0-8D11-00A0C91BC942}") = "ArraysLibTest", "ArraysLibTest\ArraysLibTest.vcxproj", "{50663075-8AD9-4B31-A911-77B31A374476}"
EndProject
Global
	GlobalSection(SolutionConfigurationPlatforms) = preSolution
		Debug|x64 = Debug|x64
		Debug|x86 = Debug|x86
		Release|x64 = Release|x64
		Release|x86 = Release|x86
	EndGlobalSection
	GlobalSection(ProjectConfigurationPlatforms) = postSolution
		{4AFA4736-FFBA-414D-8D6E-CDCC36D0D3B9}.Debug|x64.ActiveCfg = Debug|x64
		{4AFA4736-FFBA-414D-8D6E-CDCC36D0D3B9}.Debug|x64.Build.0 = Debug|x64
		{4AFA4736-FFBA-414D-8D6E-CDCC36D0D3B9}.Debug|x86.ActiveCfg = Debug|Win32
		{4AFA4736-FFBA-414D-8D6E-CDCC36D0D3B9}.Debug|x86.Build.0 = Debug|Win32
		{4AFA4736-FFBA-414D-8D6E-CDCC36D0D3B9}.Release|x64.ActiveCfg = Release|x64
		{4AFA4736-FFBA-414D-8D6E-CDCC36D0D3B9}.Release|x64.Build.0 = Release|x64
		{4AFA4736-FFBA-414D-8D6E-CDCC36D0D3B9}.Release|x86.ActiveCfg = Release|Win32
		{4AFA4736-FFBA-414D-8D6E-CDCC36D0D3B9}.Release|x86.Build.0 = Release|Win32
		{15D28A78-26C8-4CDE-8D14-C51DFB96C35B}.Debug|x64.ActiveCfg = Debug|x64
		{15D28A78-26C8-4CDE-8D14-C51DFB96C35B}.Debug|x64.Build.0 = Debug|x64
		{15D28A78-26C8-4CDE-8D14-C51DFB96C35B}.Debug|x86.ActiveCfg = Debug|Win32
		{15D28A78-26C8-4CDE-8D14-C51DFB96C35B}.Debug|x86.Build.0 = Debug|Win32
		{15D28A78-26C8-4CDE-8D14-C51DFB96C35B}.Release|x64.ActiveCfg = Release|x64
		{15D28A78-26C8-4CDE-8D14-C51DFB96C35B}.Release|x64.Build.0 = Release|x64
		{15D28A78-26C8-4CDE-8D14-C51DFB96C35B}.Release|x86.ActiveCfg = Release|Win32
		{15D28A78-26C8-4CDE-8D14-C51DFB96C35B}.Release|x86.Build.0 = Release|Win32
		{90879D17-8220-4EA9-9739-6C839335C738}.Debug|x64.ActiveCfg = Debug|x64
		{90879D17-8220-4EA9-9739-6C839335C738}.Debug|x64.Build.0 = Debug|x64
		{90879D17-8220-4EA9-9739-6C839335C738}.Debug|x86.ActiveCfg = Debug|Win32
		{90879D17-8220-4EA9-9739-6C839335C738}.Debug|x86.Build.0 = Debug|Win32
		{90879D17-8220-4EA9-9739-6C839335C738}.Release|x64.ActiveCfg = Release|x64
		{90879D17-8220-4EA9-9739-6C839335C738}.Release|x64.Build.0 = Release|x64
		{90879D17-8220-4EA9-9739-6C839335C738}.Release|x86.ActiveCfg = Release|Win32
		{90879D17-8220-4EA9-9739-6C839335C738}.Release|x86.Build.0 = Release|Win32
		{BFA734F9-DEEC-4514-A9CB-E1ED14CAA75D}.Debug|x64.ActiveCfg = Debug|x64
		{BFA734F9-DEEC-4514-A9CB-E1ED14CAA75D}.Debug|x64.Build.0 = Debug|x64
		{BFA734F9-DEEC-4514-A9CB-E1ED14CAA75D}.Debug|x86.ActiveCfg = Debug|Win32
		{BFA734F9-DEEC-4514-A9CB-E1ED14CAA75D}.Debug|x86.Build.0 = Debug|Win32
		{BFA734F9-DEEC-4514-A9CB-E1ED14CAA75D}.Release|x64.ActiveCfg = Release|x64
		{BFA734F9-DEEC-4514-A9CB-E1ED14CAA75D}.Release|x64.Build.0 = Release|x64
		{BFA734F9-DEEC-4514-A9CB-E1ED14CAA75D}.Release|x86.ActiveCfg = Release|Win32
		{BFA734F9-DEEC-4514-A9CB-E1ED14CAA75D}.Release|x86.Build.0 = Release|Win32
		{50663075-8AD9-4B31-A911-77B31A374476}.Debug|x64.ActiveCfg = Debug|x64
		{50663075-8AD9-4B31-A911-77B31A374476}.Debug|x64.Build.0 = Debug|x64
		{50663075-8AD9-4B31-A911-77B31A374476}.Debug|x86.ActiveCfg = Debug|Win32
		{50663075-8AD9-4B31-A911-77B31A374476}.Debug|x86.Build.0 = Debug|Win32
		{50663075-8AD9-4B31-A911-77B31A374476}.Release|x64.ActiveCfg = Release|x64
		{50663075-8AD9-4B31-A911-77B31A374476}.Release|x64.Build.0 = Release|x64
		{50663075-8AD9-4B31-A911-77B31A374476}.Release|x86.ActiveCfg = Release|Win32
		{50663075-8AD9-4B31-A911-77B31A374476}.Release|x86.Build.0 = Release|Win32
	EndGlobalSection
	GlobalSection(SolutionProperties) = preSolution
		HideSolutionNode = FALSE
	EndGlobalSection
	GlobalSection(ExtensibilityGlobals) = postSolution
		SolutionGuid = {3ABAA988-6132-4F25-885D-795AA3F08527}
	EndGlobalSection
EndGlobal
